// !$*UTF8*$!
{
	archiveVersion = 1;
	classes = {
	};
	objectVersion = 50;
	objects = {

/* Begin PBXBuildFile section */
		4828B008237E849E0007DAC5 /* AppDelegate.swift in Sources */ = {isa = PBXBuildFile; fileRef = 4828B007237E849E0007DAC5 /* AppDelegate.swift */; };
		4828B00A237E849E0007DAC5 /* SceneDelegate.swift in Sources */ = {isa = PBXBuildFile; fileRef = 4828B009237E849E0007DAC5 /* SceneDelegate.swift */; };
		4828B00C237E849E0007DAC5 /* ViewController.swift in Sources */ = {isa = PBXBuildFile; fileRef = 4828B00B237E849E0007DAC5 /* ViewController.swift */; };
		4828B00F237E849E0007DAC5 /* Main.storyboard in Resources */ = {isa = PBXBuildFile; fileRef = 4828B00D237E849E0007DAC5 /* Main.storyboard */; };
		4828B011237E84A00007DAC5 /* Assets.xcassets in Resources */ = {isa = PBXBuildFile; fileRef = 4828B010237E84A00007DAC5 /* Assets.xcassets */; };
		4828B014237E84A00007DAC5 /* LaunchScreen.storyboard in Resources */ = {isa = PBXBuildFile; fileRef = 4828B012237E84A00007DAC5 /* LaunchScreen.storyboard */; };
		4828B021237E84DF0007DAC5 /* ExpandableListTableViewCell.swift in Sources */ = {isa = PBXBuildFile; fileRef = 4828B01D237E84DF0007DAC5 /* ExpandableListTableViewCell.swift */; };
		4828B022237E84DF0007DAC5 /* ExpandableListTableViewCell.xib in Resources */ = {isa = PBXBuildFile; fileRef = 4828B01E237E84DF0007DAC5 /* ExpandableListTableViewCell.xib */; };
		4828B023237E84DF0007DAC5 /* ExpandableListViewController.swift in Sources */ = {isa = PBXBuildFile; fileRef = 4828B01F237E84DF0007DAC5 /* ExpandableListViewController.swift */; };
		4828B026237E84EB0007DAC5 /* SelfSizedTableView.swift in Sources */ = {isa = PBXBuildFile; fileRef = 4828B025237E84EB0007DAC5 /* SelfSizedTableView.swift */; };
		4828B028237E85860007DAC5 /* ExpandContentManagable.swift in Sources */ = {isa = PBXBuildFile; fileRef = 4828B027237E85860007DAC5 /* ExpandContentManagable.swift */; };
		4828B02E237E89F90007DAC5 /* DataTableViewCell.swift in Sources */ = {isa = PBXBuildFile; fileRef = 4828B02C237E89F90007DAC5 /* DataTableViewCell.swift */; };
		4828B02F237E89F90007DAC5 /* DataTableViewCell.xib in Resources */ = {isa = PBXBuildFile; fileRef = 4828B02D237E89F90007DAC5 /* DataTableViewCell.xib */; };
		488B1B51238C5F03007E2E01 /* UITableView+Extension.swift in Sources */ = {isa = PBXBuildFile; fileRef = 488B1B50238C5F03007E2E01 /* UITableView+Extension.swift */; };
		488B1B53238C5FA2007E2E01 /* UIView+Extension.swift in Sources */ = {isa = PBXBuildFile; fileRef = 488B1B52238C5FA2007E2E01 /* UIView+Extension.swift */; };
		488B1B55238C6064007E2E01 /* UIStoryboard+Extension.swift in Sources */ = {isa = PBXBuildFile; fileRef = 488B1B54238C6064007E2E01 /* UIStoryboard+Extension.swift */; };
		488B1B57238C60C3007E2E01 /* UIViewController+Extension.swift in Sources */ = {isa = PBXBuildFile; fileRef = 488B1B56238C60C3007E2E01 /* UIViewController+Extension.swift */; };
		488B1B5A238C6780007E2E01 /* DataItem.swift in Sources */ = {isa = PBXBuildFile; fileRef = 488B1B59238C6780007E2E01 /* DataItem.swift */; };
		488B1B5C238C6795007E2E01 /* DataContainer.swift in Sources */ = {isa = PBXBuildFile; fileRef = 488B1B5B238C6795007E2E01 /* DataContainer.swift */; };
		488B1B5E238C67A5007E2E01 /* DataManagerModel.swift in Sources */ = {isa = PBXBuildFile; fileRef = 488B1B5D238C67A5007E2E01 /* DataManagerModel.swift */; };
		48B989E12382A70300C0C3FA /* ExpandableContentView.swift in Sources */ = {isa = PBXBuildFile; fileRef = 48B989E02382A70300C0C3FA /* ExpandableContentView.swift */; };
		48B989E42382A77300C0C3FA /* DataManager.swift in Sources */ = {isa = PBXBuildFile; fileRef = 48B989E32382A77300C0C3FA /* DataManager.swift */; };
/* End PBXBuildFile section */

/* Begin PBXFileReference section */
		4828B004237E849E0007DAC5 /* DropdownTest.app */ = {isa = PBXFileReference; explicitFileType = wrapper.application; includeInIndex = 0; path = DropdownTest.app; sourceTree = BUILT_PRODUCTS_DIR; };
		4828B007237E849E0007DAC5 /* AppDelegate.swift */ = {isa = PBXFileReference; lastKnownFileType = sourcecode.swift; path = AppDelegate.swift; sourceTree = "<group>"; };
		4828B009237E849E0007DAC5 /* SceneDelegate.swift */ = {isa = PBXFileReference; lastKnownFileType = sourcecode.swift; path = SceneDelegate.swift; sourceTree = "<group>"; };
		4828B00B237E849E0007DAC5 /* ViewController.swift */ = {isa = PBXFileReference; lastKnownFileType = sourcecode.swift; path = ViewController.swift; sourceTree = "<group>"; };
		4828B00E237E849E0007DAC5 /* Base */ = {isa = PBXFileReference; lastKnownFileType = file.storyboard; name = Base; path = Base.lproj/Main.storyboard; sourceTree = "<group>"; };
		4828B010237E84A00007DAC5 /* Assets.xcassets */ = {isa = PBXFileReference; lastKnownFileType = folder.assetcatalog; path = Assets.xcassets; sourceTree = "<group>"; };
		4828B013237E84A00007DAC5 /* Base */ = {isa = PBXFileReference; lastKnownFileType = file.storyboard; name = Base; path = Base.lproj/LaunchScreen.storyboard; sourceTree = "<group>"; };
		4828B015237E84A00007DAC5 /* Info.plist */ = {isa = PBXFileReference; lastKnownFileType = text.plist.xml; path = Info.plist; sourceTree = "<group>"; };
		4828B01D237E84DF0007DAC5 /* ExpandableListTableViewCell.swift */ = {isa = PBXFileReference; fileEncoding = 4; lastKnownFileType = sourcecode.swift; path = ExpandableListTableViewCell.swift; sourceTree = "<group>"; };
		4828B01E237E84DF0007DAC5 /* ExpandableListTableViewCell.xib */ = {isa = PBXFileReference; fileEncoding = 4; lastKnownFileType = file.xib; path = ExpandableListTableViewCell.xib; sourceTree = "<group>"; };
		4828B01F237E84DF0007DAC5 /* ExpandableListViewController.swift */ = {isa = PBXFileReference; fileEncoding = 4; lastKnownFileType = sourcecode.swift; path = ExpandableListViewController.swift; sourceTree = "<group>"; };
		4828B025237E84EB0007DAC5 /* SelfSizedTableView.swift */ = {isa = PBXFileReference; fileEncoding = 4; lastKnownFileType = sourcecode.swift; path = SelfSizedTableView.swift; sourceTree = "<group>"; };
		4828B027237E85860007DAC5 /* ExpandContentManagable.swift */ = {isa = PBXFileReference; fileEncoding = 4; lastKnownFileType = sourcecode.swift; path = ExpandContentManagable.swift; sourceTree = "<group>"; };
		4828B02C237E89F90007DAC5 /* DataTableViewCell.swift */ = {isa = PBXFileReference; lastKnownFileType = sourcecode.swift; path = DataTableViewCell.swift; sourceTree = "<group>"; };
		4828B02D237E89F90007DAC5 /* DataTableViewCell.xib */ = {isa = PBXFileReference; lastKnownFileType = file.xib; path = DataTableViewCell.xib; sourceTree = "<group>"; };
		488B1B50238C5F03007E2E01 /* UITableView+Extension.swift */ = {isa = PBXFileReference; lastKnownFileType = sourcecode.swift; name = "UITableView+Extension.swift"; path = "DropdownTest/UITableView+Extension.swift"; sourceTree = SOURCE_ROOT; };
		488B1B52238C5FA2007E2E01 /* UIView+Extension.swift */ = {isa = PBXFileReference; lastKnownFileType = sourcecode.swift; path = "UIView+Extension.swift"; sourceTree = "<group>"; };
		488B1B54238C6064007E2E01 /* UIStoryboard+Extension.swift */ = {isa = PBXFileReference; lastKnownFileType = sourcecode.swift; path = "UIStoryboard+Extension.swift"; sourceTree = "<group>"; };
		488B1B56238C60C3007E2E01 /* UIViewController+Extension.swift */ = {isa = PBXFileReference; lastKnownFileType = sourcecode.swift; path = "UIViewController+Extension.swift"; sourceTree = "<group>"; };
		488B1B59238C6780007E2E01 /* DataItem.swift */ = {isa = PBXFileReference; lastKnownFileType = sourcecode.swift; name = DataItem.swift; path = DropdownTest/DataItem.swift; sourceTree = SOURCE_ROOT; };
		488B1B5B238C6795007E2E01 /* DataContainer.swift */ = {isa = PBXFileReference; lastKnownFileType = sourcecode.swift; path = DataContainer.swift; sourceTree = "<group>"; };
		488B1B5D238C67A5007E2E01 /* DataManagerModel.swift */ = {isa = PBXFileReference; lastKnownFileType = sourcecode.swift; path = DataManagerModel.swift; sourceTree = "<group>"; };
		48B989E02382A70300C0C3FA /* ExpandableContentView.swift */ = {isa = PBXFileReference; fileEncoding = 4; lastKnownFileType = sourcecode.swift; path = ExpandableContentView.swift; sourceTree = "<group>"; };
		48B989E32382A77300C0C3FA /* DataManager.swift */ = {isa = PBXFileReference; fileEncoding = 4; lastKnownFileType = sourcecode.swift; path = DataManager.swift; sourceTree = "<group>"; };
/* End PBXFileReference section */

/* Begin PBXFrameworksBuildPhase section */
		4828B001237E849E0007DAC5 /* Frameworks */ = {
			isa = PBXFrameworksBuildPhase;
			buildActionMask = 2147483647;
			files = (
			);
			runOnlyForDeploymentPostprocessing = 0;
		};
/* End PBXFrameworksBuildPhase section */

/* Begin PBXGroup section */
		26F8CE6C6B15A6425A10E1E9 /* Pods */ = {
			isa = PBXGroup;
			children = (
			);
			path = Pods;
			sourceTree = "<group>";
		};
		4828AFFB237E849E0007DAC5 = {
			isa = PBXGroup;
			children = (
				4828B006237E849E0007DAC5 /* DropdownTest */,
				4828B005237E849E0007DAC5 /* Products */,
				26F8CE6C6B15A6425A10E1E9 /* Pods */,
			);
			sourceTree = "<group>";
		};
		4828B005237E849E0007DAC5 /* Products */ = {
			isa = PBXGroup;
			children = (
				4828B004237E849E0007DAC5 /* DropdownTest.app */,
			);
			name = Products;
			sourceTree = "<group>";
		};
		4828B006237E849E0007DAC5 /* DropdownTest */ = {
			isa = PBXGroup;
			children = (
				4828B007237E849E0007DAC5 /* AppDelegate.swift */,
				4828B009237E849E0007DAC5 /* SceneDelegate.swift */,
				4828B00B237E849E0007DAC5 /* ViewController.swift */,
				4828B02B237E89D20007DAC5 /* DataTableViewCell */,
				48B989E22382A76100C0C3FA /* Managers */,
				488B1B58238C6772007E2E01 /* Models */,
				488B1B5F238C67E5007E2E01 /* ExpandableContent */,
				4828B00D237E849E0007DAC5 /* Main.storyboard */,
				4828B010237E84A00007DAC5 /* Assets.xcassets */,
				4828B012237E84A00007DAC5 /* LaunchScreen.storyboard */,
				4828B015237E84A00007DAC5 /* Info.plist */,
			);
			path = DropdownTest;
			sourceTree = "<group>";
		};
		4828B01B237E84DF0007DAC5 /* ExpandableListViewController */ = {
			isa = PBXGroup;
			children = (
				4828B01C237E84DF0007DAC5 /* ExpandableListTableViewCell */,
				48B989E02382A70300C0C3FA /* ExpandableContentView.swift */,
				4828B01F237E84DF0007DAC5 /* ExpandableListViewController.swift */,
				4828B025237E84EB0007DAC5 /* SelfSizedTableView.swift */,
			);
			path = ExpandableListViewController;
			sourceTree = "<group>";
		};
		4828B01C237E84DF0007DAC5 /* ExpandableListTableViewCell */ = {
			isa = PBXGroup;
			children = (
				4828B01D237E84DF0007DAC5 /* ExpandableListTableViewCell.swift */,
				4828B01E237E84DF0007DAC5 /* ExpandableListTableViewCell.xib */,
			);
			path = ExpandableListTableViewCell;
			sourceTree = "<group>";
		};
		4828B02B237E89D20007DAC5 /* DataTableViewCell */ = {
			isa = PBXGroup;
			children = (
				4828B02C237E89F90007DAC5 /* DataTableViewCell.swift */,
				4828B02D237E89F90007DAC5 /* DataTableViewCell.xib */,
			);
			path = DataTableViewCell;
			sourceTree = "<group>";
		};
		488B1B4F238C5EF5007E2E01 /* Extensions */ = {
			isa = PBXGroup;
			children = (
				488B1B54238C6064007E2E01 /* UIStoryboard+Extension.swift */,
				488B1B52238C5FA2007E2E01 /* UIView+Extension.swift */,
				488B1B50238C5F03007E2E01 /* UITableView+Extension.swift */,
				488B1B56238C60C3007E2E01 /* UIViewController+Extension.swift */,
			);
			path = Extensions;
			sourceTree = "<group>";
		};
		488B1B58238C6772007E2E01 /* Models */ = {
			isa = PBXGroup;
			children = (
				488B1B59238C6780007E2E01 /* DataItem.swift */,
				488B1B5B238C6795007E2E01 /* DataContainer.swift */,
				488B1B5D238C67A5007E2E01 /* DataManagerModel.swift */,
			);
			path = Models;
			sourceTree = "<group>";
		};
		488B1B5F238C67E5007E2E01 /* ExpandableContent */ = {
			isa = PBXGroup;
			children = (
				4828B027237E85860007DAC5 /* ExpandContentManagable.swift */,
				4828B01B237E84DF0007DAC5 /* ExpandableListViewController */,
				488B1B4F238C5EF5007E2E01 /* Extensions */,
			);
			path = ExpandableContent;
			sourceTree = "<group>";
		};
		48B989E22382A76100C0C3FA /* Managers */ = {
			isa = PBXGroup;
			children = (
				48B989E32382A77300C0C3FA /* DataManager.swift */,
			);
			path = Managers;
			sourceTree = "<group>";
		};
/* End PBXGroup section */

/* Begin PBXNativeTarget section */
		4828B003237E849E0007DAC5 /* DropdownTest */ = {
			isa = PBXNativeTarget;
			buildConfigurationList = 4828B018237E84A00007DAC5 /* Build configuration list for PBXNativeTarget "DropdownTest" */;
			buildPhases = (
				4828B000237E849E0007DAC5 /* Sources */,
				4828B001237E849E0007DAC5 /* Frameworks */,
				4828B002237E849E0007DAC5 /* Resources */,
			);
			buildRules = (
			);
			dependencies = (
			);
			name = DropdownTest;
			productName = DropdownTest;
			productReference = 4828B004237E849E0007DAC5 /* DropdownTest.app */;
			productType = "com.apple.product-type.application";
		};
/* End PBXNativeTarget section */

/* Begin PBXProject section */
		4828AFFC237E849E0007DAC5 /* Project object */ = {
			isa = PBXProject;
			attributes = {
				LastSwiftUpdateCheck = 1120;
				LastUpgradeCheck = 1120;
				ORGANIZATIONNAME = lmc;
				TargetAttributes = {
					4828B003237E849E0007DAC5 = {
						CreatedOnToolsVersion = 11.2.1;
					};
				};
			};
			buildConfigurationList = 4828AFFF237E849E0007DAC5 /* Build configuration list for PBXProject "DropdownTest" */;
			compatibilityVersion = "Xcode 9.3";
			developmentRegion = en;
			hasScannedForEncodings = 0;
			knownRegions = (
				en,
				Base,
			);
			mainGroup = 4828AFFB237E849E0007DAC5;
			productRefGroup = 4828B005237E849E0007DAC5 /* Products */;
			projectDirPath = "";
			projectRoot = "";
			targets = (
				4828B003237E849E0007DAC5 /* DropdownTest */,
			);
		};
/* End PBXProject section */

/* Begin PBXResourcesBuildPhase section */
		4828B002237E849E0007DAC5 /* Resources */ = {
			isa = PBXResourcesBuildPhase;
			buildActionMask = 2147483647;
			files = (
				4828B014237E84A00007DAC5 /* LaunchScreen.storyboard in Resources */,
				4828B02F237E89F90007DAC5 /* DataTableViewCell.xib in Resources */,
				4828B011237E84A00007DAC5 /* Assets.xcassets in Resources */,
				4828B00F237E849E0007DAC5 /* Main.storyboard in Resources */,
				4828B022237E84DF0007DAC5 /* ExpandableListTableViewCell.xib in Resources */,
			);
			runOnlyForDeploymentPostprocessing = 0;
		};
/* End PBXResourcesBuildPhase section */

/* Begin PBXSourcesBuildPhase section */
		4828B000237E849E0007DAC5 /* Sources */ = {
			isa = PBXSourcesBuildPhase;
			buildActionMask = 2147483647;
			files = (
				488B1B51238C5F03007E2E01 /* UITableView+Extension.swift in Sources */,
				4828B028237E85860007DAC5 /* ExpandContentManagable.swift in Sources */,
				4828B00C237E849E0007DAC5 /* ViewController.swift in Sources */,
				4828B023237E84DF0007DAC5 /* ExpandableListViewController.swift in Sources */,
				488B1B57238C60C3007E2E01 /* UIViewController+Extension.swift in Sources */,
				48B989E12382A70300C0C3FA /* ExpandableContentView.swift in Sources */,
				488B1B55238C6064007E2E01 /* UIStoryboard+Extension.swift in Sources */,
				4828B02E237E89F90007DAC5 /* DataTableViewCell.swift in Sources */,
				488B1B53238C5FA2007E2E01 /* UIView+Extension.swift in Sources */,
				4828B021237E84DF0007DAC5 /* ExpandableListTableViewCell.swift in Sources */,
				488B1B5A238C6780007E2E01 /* DataItem.swift in Sources */,
				488B1B5C238C6795007E2E01 /* DataContainer.swift in Sources */,
				488B1B5E238C67A5007E2E01 /* DataManagerModel.swift in Sources */,
				4828B008237E849E0007DAC5 /* AppDelegate.swift in Sources */,
				48B989E42382A77300C0C3FA /* DataManager.swift in Sources */,
				4828B00A237E849E0007DAC5 /* SceneDelegate.swift in Sources */,
				4828B026237E84EB0007DAC5 /* SelfSizedTableView.swift in Sources */,
			);
			runOnlyForDeploymentPostprocessing = 0;
		};
/* End PBXSourcesBuildPhase section */

/* Begin PBXVariantGroup section */
		4828B00D237E849E0007DAC5 /* Main.storyboard */ = {
			isa = PBXVariantGroup;
			children = (
				4828B00E237E849E0007DAC5 /* Base */,
			);
			name = Main.storyboard;
			sourceTree = "<group>";
		};
		4828B012237E84A00007DAC5 /* LaunchScreen.storyboard */ = {
			isa = PBXVariantGroup;
			children = (
				4828B013237E84A00007DAC5 /* Base */,
			);
			name = LaunchScreen.storyboard;
			sourceTree = "<group>";
		};
/* End PBXVariantGroup section */

/* Begin XCBuildConfiguration section */
		4828B016237E84A00007DAC5 /* Debug */ = {
			isa = XCBuildConfiguration;
			buildSettings = {
				ALWAYS_SEARCH_USER_PATHS = NO;
				CLANG_ANALYZER_NONNULL = YES;
				CLANG_ANALYZER_NUMBER_OBJECT_CONVERSION = YES_AGGRESSIVE;
				CLANG_CXX_LANGUAGE_STANDARD = "gnu++14";
				CLANG_CXX_LIBRARY = "libc++";
				CLANG_ENABLE_MODULES = YES;
				CLANG_ENABLE_OBJC_ARC = YES;
				CLANG_ENABLE_OBJC_WEAK = YES;
				CLANG_WARN_BLOCK_CAPTURE_AUTORELEASING = YES;
				CLANG_WARN_BOOL_CONVERSION = YES;
				CLANG_WARN_COMMA = YES;
				CLANG_WARN_CONSTANT_CONVERSION = YES;
				CLANG_WARN_DEPRECATED_OBJC_IMPLEMENTATIONS = YES;
				CLANG_WARN_DIRECT_OBJC_ISA_USAGE = YES_ERROR;
				CLANG_WARN_DOCUMENTATION_COMMENTS = YES;
				CLANG_WARN_EMPTY_BODY = YES;
				CLANG_WARN_ENUM_CONVERSION = YES;
				CLANG_WARN_INFINITE_RECURSION = YES;
				CLANG_WARN_INT_CONVERSION = YES;
				CLANG_WARN_NON_LITERAL_NULL_CONVERSION = YES;
				CLANG_WARN_OBJC_IMPLICIT_RETAIN_SELF = YES;
				CLANG_WARN_OBJC_LITERAL_CONVERSION = YES;
				CLANG_WARN_OBJC_ROOT_CLASS = YES_ERROR;
				CLANG_WARN_RANGE_LOOP_ANALYSIS = YES;
				CLANG_WARN_STRICT_PROTOTYPES = YES;
				CLANG_WARN_SUSPICIOUS_MOVE = YES;
				CLANG_WARN_UNGUARDED_AVAILABILITY = YES_AGGRESSIVE;
				CLANG_WARN_UNREACHABLE_CODE = YES;
				CLANG_WARN__DUPLICATE_METHOD_MATCH = YES;
				COPY_PHASE_STRIP = NO;
				DEBUG_INFORMATION_FORMAT = dwarf;
				ENABLE_STRICT_OBJC_MSGSEND = YES;
				ENABLE_TESTABILITY = YES;
				GCC_C_LANGUAGE_STANDARD = gnu11;
				GCC_DYNAMIC_NO_PIC = NO;
				GCC_NO_COMMON_BLOCKS = YES;
				GCC_OPTIMIZATION_LEVEL = 0;
				GCC_PREPROCESSOR_DEFINITIONS = (
					"DEBUG=1",
					"$(inherited)",
				);
				GCC_WARN_64_TO_32_BIT_CONVERSION = YES;
				GCC_WARN_ABOUT_RETURN_TYPE = YES_ERROR;
				GCC_WARN_UNDECLARED_SELECTOR = YES;
				GCC_WARN_UNINITIALIZED_AUTOS = YES_AGGRESSIVE;
				GCC_WARN_UNUSED_FUNCTION = YES;
				GCC_WARN_UNUSED_VARIABLE = YES;
				IPHONEOS_DEPLOYMENT_TARGET = 13.2;
				MTL_ENABLE_DEBUG_INFO = INCLUDE_SOURCE;
				MTL_FAST_MATH = YES;
				ONLY_ACTIVE_ARCH = YES;
				SDKROOT = iphoneos;
				SWIFT_ACTIVE_COMPILATION_CONDITIONS = DEBUG;
				SWIFT_OPTIMIZATION_LEVEL = "-Onone";
			};
			name = Debug;
		};
		4828B017237E84A00007DAC5 /* Release */ = {
			isa = XCBuildConfiguration;
			buildSettings = {
				ALWAYS_SEARCH_USER_PATHS = NO;
				CLANG_ANALYZER_NONNULL = YES;
				CLANG_ANALYZER_NUMBER_OBJECT_CONVERSION = YES_AGGRESSIVE;
				CLANG_CXX_LANGUAGE_STANDARD = "gnu++14";
				CLANG_CXX_LIBRARY = "libc++";
				CLANG_ENABLE_MODULES = YES;
				CLANG_ENABLE_OBJC_ARC = YES;
				CLANG_ENABLE_OBJC_WEAK = YES;
				CLANG_WARN_BLOCK_CAPTURE_AUTORELEASING = YES;
				CLANG_WARN_BOOL_CONVERSION = YES;
				CLANG_WARN_COMMA = YES;
				CLANG_WARN_CONSTANT_CONVERSION = YES;
				CLANG_WARN_DEPRECATED_OBJC_IMPLEMENTATIONS = YES;
				CLANG_WARN_DIRECT_OBJC_ISA_USAGE = YES_ERROR;
				CLANG_WARN_DOCUMENTATION_COMMENTS = YES;
				CLANG_WARN_EMPTY_BODY = YES;
				CLANG_WARN_ENUM_CONVERSION = YES;
				CLANG_WARN_INFINITE_RECURSION = YES;
				CLANG_WARN_INT_CONVERSION = YES;
				CLANG_WARN_NON_LITERAL_NULL_CONVERSION = YES;
				CLANG_WARN_OBJC_IMPLICIT_RETAIN_SELF = YES;
				CLANG_WARN_OBJC_LITERAL_CONVERSION = YES;
				CLANG_WARN_OBJC_ROOT_CLASS = YES_ERROR;
				CLANG_WARN_RANGE_LOOP_ANALYSIS = YES;
				CLANG_WARN_STRICT_PROTOTYPES = YES;
				CLANG_WARN_SUSPICIOUS_MOVE = YES;
				CLANG_WARN_UNGUARDED_AVAILABILITY = YES_AGGRESSIVE;
				CLANG_WARN_UNREACHABLE_CODE = YES;
				CLANG_WARN__DUPLICATE_METHOD_MATCH = YES;
				COPY_PHASE_STRIP = NO;
				DEBUG_INFORMATION_FORMAT = "dwarf-with-dsym";
				ENABLE_NS_ASSERTIONS = NO;
				ENABLE_STRICT_OBJC_MSGSEND = YES;
				GCC_C_LANGUAGE_STANDARD = gnu11;
				GCC_NO_COMMON_BLOCKS = YES;
				GCC_WARN_64_TO_32_BIT_CONVERSION = YES;
				GCC_WARN_ABOUT_RETURN_TYPE = YES_ERROR;
				GCC_WARN_UNDECLARED_SELECTOR = YES;
				GCC_WARN_UNINITIALIZED_AUTOS = YES_AGGRESSIVE;
				GCC_WARN_UNUSED_FUNCTION = YES;
				GCC_WARN_UNUSED_VARIABLE = YES;
				IPHONEOS_DEPLOYMENT_TARGET = 13.2;
				MTL_ENABLE_DEBUG_INFO = NO;
				MTL_FAST_MATH = YES;
				SDKROOT = iphoneos;
				SWIFT_COMPILATION_MODE = wholemodule;
				SWIFT_OPTIMIZATION_LEVEL = "-O";
				VALIDATE_PRODUCT = YES;
			};
			name = Release;
		};
		4828B019237E84A00007DAC5 /* Debug */ = {
			isa = XCBuildConfiguration;
			buildSettings = {
				ASSETCATALOG_COMPILER_APPICON_NAME = AppIcon;
				CODE_SIGN_STYLE = Automatic;
				DEVELOPMENT_TEAM = DAWCL7HC5P;
				INFOPLIST_FILE = DropdownTest/Info.plist;
				LD_RUNPATH_SEARCH_PATHS = (
					"$(inherited)",
					"@executable_path/Frameworks",
				);
				PRODUCT_BUNDLE_IDENTIFIER = lmc.DropdownTest;
				PRODUCT_NAME = "$(TARGET_NAME)";
				SWIFT_VERSION = 5.0;
				TARGETED_DEVICE_FAMILY = "1,2";
			};
			name = Debug;
		};
		4828B01A237E84A00007DAC5 /* Release */ = {
			isa = XCBuildConfiguration;
			buildSettings = {
				ASSETCATALOG_COMPILER_APPICON_NAME = AppIcon;
				CODE_SIGN_STYLE = Automatic;
				DEVELOPMENT_TEAM = DAWCL7HC5P;
				INFOPLIST_FILE = DropdownTest/Info.plist;
				LD_RUNPATH_SEARCH_PATHS = (
					"$(inherited)",
					"@executable_path/Frameworks",
				);
				PRODUCT_BUNDLE_IDENTIFIER = lmc.DropdownTest;
				PRODUCT_NAME = "$(TARGET_NAME)";
				SWIFT_VERSION = 5.0;
				TARGETED_DEVICE_FAMILY = "1,2";
			};
			name = Release;
		};
/* End XCBuildConfiguration section */

/* Begin XCConfigurationList section */
		4828AFFF237E849E0007DAC5 /* Build configuration list for PBXProject "DropdownTest" */ = {
			isa = XCConfigurationList;
			buildConfigurations = (
				4828B016237E84A00007DAC5 /* Debug */,
				4828B017237E84A00007DAC5 /* Release */,
			);
			defaultConfigurationIsVisible = 0;
			defaultConfigurationName = Release;
		};
		4828B018237E84A00007DAC5 /* Build configuration list for PBXNativeTarget "DropdownTest" */ = {
			isa = XCConfigurationList;
			buildConfigurations = (
				4828B019237E84A00007DAC5 /* Debug */,
				4828B01A237E84A00007DAC5 /* Release */,
			);
			defaultConfigurationIsVisible = 0;
			defaultConfigurationName = Release;
		};
/* End XCConfigurationList section */
	};
	rootObject = 4828AFFC237E849E0007DAC5 /* Project object */;
}
